
Microsoft Visual Studio Solution File, Format Version 12.00
# Visual Studio 15
VisualStudioVersion = 15.0.28307.329
MinimumVisualStudioVersion = 10.0.40219.1
Project("{FAE04EC0-301F-11D3-BF4B-00C04F79EFBC}") = "Server", "Server\Server.csproj", "{FAC30A2D-F0DB-4D3F-94BA-D7855E0844FE}"
EndProject
Global
	GlobalSection(SolutionConfigurationPlatforms) = preSolution
		Debug|Any CPU = Debug|Any CPU
		Release|Any CPU = Release|Any CPU
	EndGlobalSection
	GlobalSection(ProjectConfigurationPlatforms) = postSolution
		{FAC30A2D-F0DB-4D3F-94BA-D7855E0844FE}.Debug|Any CPU.ActiveCfg = Debug|Any CPU
		{FAC30A2D-F0DB-4D3F-94BA-D7855E0844FE}.Debug|Any CPU.Build.0 = Debug|Any CPU
		{FAC30A2D-F0DB-4D3F-94BA-D7855E0844FE}.Release|Any CPU.ActiveCfg = Release|Any CPU
		{FAC30A2D-F0DB-4D3F-94BA-D7855E0844FE}.Release|Any CPU.Build.0 = Release|Any CPU
	EndGlobalSection
	GlobalSection(SolutionProperties) = preSolution
		HideSolutionNode = FALSE
	EndGlobalSection
	GlobalSection(ExtensibilityGlobals) = postSolution
		SolutionGuid = {CAEFE693-58CC-4E9E-8038-D3859E0ABB7F}
	EndGlobalSection
EndGlobal
